dependencies:
- name: reports-server
  repository: https://nirmata.github.io/reports-server
  version: 0.1.5-rc.1
- name: grafana
  repository: ""
  version: 3.3.4
- name: crds
  repository: ""
  version: 3.3.4
digest: sha256:edd71f24b42bd8028f275b5689263bf1140f2c4528e6c833d5342f227171b9fa
generated: "2025-01-16T18:54:49.347815+05:30"
